github.com/go-playground/assert/v2 v2.0.1/go.mod h1:VDjEfimB/XKnb+ZQfWdccd7VUvScMdVu0Titje2rxJ4=
github.com/go-playground/form/v4 v4.2.1 h1:HjdRDKO0fftVMU5epjPW2SOREcZ6/wLUzEobqUGJuPw=
github.com/go-playground/form/v4 v4.2.1/go.mod h1:q1a2BY+AQUUzhl6xA/6hBetay6dEIhMHjgvJiGo6K7U=
github.com/gorilla/schema v1.2.1 h1:tjDxcmdb+siIqkTNoV+qRH2mjYdr2hHe5MKXbp61ziM=
github.com/gorilla/schema v1.2.1/go.mod h1:Dg5SSm5PV60mhF2NFaTV1xuYYj8tV8NOPRo4FggUMnM=
github.com/julienschmidt/httprouter v1.3.0 h1:U0609e9tgbseu3rBINet9P48AI/D3oJs4dN7jwJOQ1U=
github.com/julienschmidt/httprouter v1.3.0/go.mod h1:JR6WtHb+2LUe8TCKY3cZOxFyyO8IZAc4RVcycCCAKdM=
gopkg.in/alexcesaro/quotedprintable.v3 v3.0.0-20150716171945-2caba252f4dc h1:2gGKlE2+asNV9m7xrywl36YYNnBG5ZQ0r/BOOxqPpmk=
gopkg.in/alexcesaro/quotedprintable.v3 v3.0.0-20150716171945-2caba252f4dc/go.mod h1:m7x9LTH6d71AHyAX77c9yqWCCa3UKHcVEj9y7hAtKDk=
gopkg.in/mail.v2 v2.3.1 h1:WYFn/oANrAGP2C0dcV6/pbkPzv8yGzqTjPmTeO7qoXk=
gopkg.in/mail.v2 v2.3.1/go.mod h1:htwXN1Qh09vZJ1NVKxQqHPBaCBbzKhp5GzuJEA4VJWw=
